{
  "name": "hypn0-codemirror6",
  "version": "0.1.0",
  "lockfileVersion": 2,
  "requires": true,
  "packages": {
    "": {
      "name": "hypn0-codemirror6",
      "version": "0.1.0",
      "devDependencies": {
        "@babel/runtime": "7.29.7",
        "@codemirror/autocomplete": "6.20.3",
        "@codemirror/commands": "6.10.3",
        "@codemirror/lang-css": "6.3.1",
        "@codemirror/lang-html": "6.4.11",
        "@codemirror/lang-javascript": "6.2.5",
        "@codemirror/lang-json": "6.0.1",
        "@codemirror/language": "6.12.3",
        "@codemirror/state": "6.6.0",
        "@codemirror/view": "6.43.1",
        "@uiw/codemirror-theme-solarized": "4.25.10",
        "esbuild": "0.28.0"
      }
    },
    "node_modules/@babel/runtime": {
      "version": "7.29.7",
      "resolved": "https://registry.npmjs.org/@babel/runtime/-/runtime-7.29.7.tgz",
      "integrity": "sha512-Nq8OhGWiZIZGV6hLHoyAKLLcJihP/xFeBMGJoUrxTX2psI8dCifzLhZISFb+VWS3wFMRDmCGw5R+dOySCqPLhw==",
      "dev": true,
      "engines": {
        "node": ">=6.9.0"
      }
    },
    "node_modules/@codemirror/autocomplete": {
      "version": "6.20.3",
      "resolved": "https://registry.npmjs.org/@codemirror/autocomplete/-/autocomplete-6.20.3.tgz",
      "integrity": "sha512-tlosUqb+3BbxCxZdu4tKeRghPFC+QM7q4X5YhKV2eCmPG+1r2F3f4AaSz5sCrFqUtX4Jh20VFTKecl16MgiV9g==",
      "dev": true,
      "dependencies": {
        "@codemirror/language": "^6.0.0",
        "@codemirror/state": "^6.0.0",
        "@codemirror/view": "^6.17.0",
        "@lezer/common": "^1.0.0"
      }
    },
    "node_modules/@codemirror/commands": {
      "version": "6.10.3",
      "resolved": "https://registry.npmjs.org/@codemirror/commands/-/commands-6.10.3.tgz",
      "integrity": "sha512-JFRiqhKu+bvSkDLI+rUhJwSxQxYb759W5GBezE8Uc8mHLqC9aV/9aTC7yJSqCtB3F00pylrLCwnyS91Ap5ej4Q==",
      "dev": true,
      "dependencies": {
        "@codemirror/language": "^6.0.0",
        "@codemirror/state": "^6.6.0",
        "@codemirror/view": "^6.27.0",
        "@lezer/common": "^1.1.0"
      }
    },
    "node_modules/@codemirror/lang-css": {
      "version": "6.3.1",
      "resolved": "https://registry.npmjs.org/@codemirror/lang-css/-/lang-css-6.3.1.tgz",
      "integrity": "sha512-kr5fwBGiGtmz6l0LSJIbno9QrifNMUusivHbnA1H6Dmqy4HZFte3UAICix1VuKo0lMPKQr2rqB+0BkKi/S3Ejg==",
      "dev": true,
      "dependencies": {
        "@codemirror/autocomplete": "^6.0.0",
        "@codemirror/language": "^6.0.0",
        "@codemirror/state": "^6.0.0",
        "@lezer/common": "^1.0.2",
        "@lezer/css": "^1.1.7"
      }
    },
    "node_modules/@codemirror/lang-html": {
      "version": "6.4.11",
      "resolved": "https://registry.npmjs.org/@codemirror/lang-html/-/lang-html-6.4.11.tgz",
      "integrity": "sha512-9NsXp7Nwp891pQchI7gPdTwBuSuT3K65NGTHWHNJ55HjYcHLllr0rbIZNdOzas9ztc1EUVBlHou85FFZS4BNnw==",
      "dev": true,
      "dependencies": {
        "@codemirror/autocomplete": "^6.0.0",
        "@codemirror/lang-css": "^6.0.0",
        "@codemirror/lang-javascript": "^6.0.0",
        "@codemirror/language": "^6.4.0",
        "@codemirror/state": "^6.0.0",
        "@codemirror/view": "^6.17.0",
        "@lezer/common": "^1.0.0",
        "@lezer/css": "^1.1.0",
        "@lezer/html": "^1.3.12"
      }
    },
    "node_modules/@codemirror/lang-javascript": {
      "version": "6.2.5",
      "resolved": "https://registry.npmjs.org/@codemirror/lang-javascript/-/lang-javascript-6.2.5.tgz",
      "integrity": "sha512-zD4e5mS+50htS7F+TYjBPsiIFGanfVqg4HyUz6WNFikgOPf2BgKlx+TQedI1w6n/IqRBVBbBWmGFdLB/7uxO4A==",
      "dev": true,
      "dependencies": {
        "@codemirror/autocomplete": "^6.0.0",
        "@codemirror/language": "^6.6.0",
        "@codemirror/lint": "^6.0.0",
        "@codemirror/state": "^6.0.0",
        "@codemirror/view": "^6.17.0",
        "@lezer/common": "^1.0.0",
        "@lezer/javascript": "^1.0.0"
      }
    },
    "node_modules/@codemirror/lang-json": {
      "version": "6.0.1",
      "resolved": "https://registry.npmjs.org/@codemirror/lang-json/-/lang-json-6.0.1.tgz",
      "integrity": "sha512-+T1flHdgpqDDlJZ2Lkil/rLiRy684WMLc74xUnjJH48GQdfJo/pudlTRreZmKwzP8/tGdKf83wlbAdOCzlJOGQ==",
      "dev": true,
      "dependencies": {
        "@codemirror/language": "^6.0.0",
        "@lezer/json": "^1.0.0"
      }
    },
    "node_modules/@codemirror/language": {
      "version": "6.12.3",
      "resolved": "https://registry.npmjs.org/@codemirror/language/-/language-6.12.3.tgz",
      "integrity": "sha512-QwCZW6Tt1siP37Jet9Tb02Zs81TQt6qQrZR2H+eGMcFsL1zMrk2/b9CLC7/9ieP1fjIUMgviLWMmgiHoJrj+ZA==",
      "dev": true,
      "dependencies": {
        "@codemirror/state": "^6.0.0",
        "@codemirror/view": "^6.23.0",
        "@lezer/common": "^1.5.0",
        "@lezer/highlight": "^1.0.0",
        "@lezer/lr": "^1.0.0",
        "style-mod": "^4.0.0"
      }
    },
    "node_modules/@codemirror/lint": {
      "version": "6.9.7",
      "resolved": "https://registry.npmjs.org/@codemirror/lint/-/lint-6.9.7.tgz",
      "integrity": "sha512-28/+iWLYxKxsvGYhSYL7zaCZqLz5+FFFDq9tVsvGv9kv8RY4fFAchJ5WX9M3YrrRlTIsECjsXPqeNgnSmNP2dg==",
      "dev": true,
      "dependencies": {
        "@codemirror/state": "^6.0.0",
        "@codemirror/view": "^6.42.0",
        "crelt": "^1.0.5"
      }
    },
    "node_modules/@codemirror/state": {
      "version": "6.6.0",
      "resolved": "https://registry.npmjs.org/@codemirror/state/-/state-6.6.0.tgz",
      "integrity": "sha512-4nbvra5R5EtiCzr9BTHiTLc+MLXK2QGiAVYMyi8PkQd3SR+6ixar/Q/01Fa21TBIDOZXgeWV4WppsQolSreAPQ==",
      "dev": true,
      "dependencies": {
        "@marijn/find-cluster-break": "^1.0.0"
      }
    },
    "node_modules/@codemirror/view": {
      "version": "6.43.1",
      "resolved": "https://registry.npmjs.org/@codemirror/view/-/view-6.43.1.tgz",
      "integrity": "sha512-+BIjw/AG3tDQ4pJgTLPYdAW25eDE66YsvM4LKyVPgGzVgZ4a9Wj1SRX8kPVKgBDdPt8oHtZ15F0qx7p0oOHdHw==",
      "dev": true,
      "dependencies": {
        "@codemirror/state": "^6.6.0",
        "crelt": "^1.0.6",
        "style-mod": "^4.1.0",
        "w3c-keyname": "^2.2.4"
      }
    },
    "node_modules/@esbuild/aix-ppc64": {
      "version": "0.28.0",
      "resolved": "https://registry.npmjs.org/@esbuild/aix-ppc64/-/aix-ppc64-0.28.0.tgz",
      "integrity": "sha512-lhRUCeuOyJQURhTxl4WkpFTjIsbDayJHih5kZC1giwE+MhIzAb7mEsQMqMf18rHLsrb5qI1tafG20mLxEWcWlA==",
      "cpu": [
        "ppc64"
      ],
      "dev": true,
      "optional": true,
      "os": [
        "aix"
      ],
      "engines": {
        "node": ">=18"
      }
    },
    "node_modules/@esbuild/android-arm": {
      "version": "0.28.0",
      "resolved": "https://registry.npmjs.org/@esbuild/android-arm/-/android-arm-0.28.0.tgz",
      "integrity": "sha512-wqh0ByljabXLKHeWXYLqoJ5jKC4XBaw6Hk08OfMrCRd2nP2ZQ5eleDZC41XHyCNgktBGYMbqnrJKq/K/lzPMSQ==",
      "cpu": [
        "arm"
      ],
      "dev": true,
      "optional": true,
      "os": [
        "android"
      ],
      "engines": {
        "node": ">=18"
      }
    },
    "node_modules/@esbuild/android-arm64": {
      "version": "0.28.0",
      "resolved": "https://registry.npmjs.org/@esbuild/android-arm64/-/android-arm64-0.28.0.tgz",
      "integrity": "sha512-+WzIXQOSaGs33tLEgYPYe/yQHf0WTU0X42Jca3y8NWMbUVhp7rUnw+vAsRC/QiDrdD31IszMrZy+qwPOPjd+rw==",
      "cpu": [
        "arm64"
      ],
      "dev": true,
      "optional": true,
      "os": [
        "android"
      ],
      "engines": {
        "node": ">=18"
      }
    },
    "node_modules/@esbuild/android-x64": {
      "version": "0.28.0",
      "resolved": "https://registry.npmjs.org/@esbuild/android-x64/-/android-x64-0.28.0.tgz",
      "integrity": "sha512-+VJggoaKhk2VNNqVL7f6S189UzShHC/mR9EE8rDdSkdpN0KflSwWY/gWjDrNxxisg8Fp1ZCD9jLMo4m0OUfeUA==",
      "cpu": [
        "x64"
      ],
      "dev": true,
      "optional": true,
      "os": [
        "android"
      ],
      "engines": {
        "node": ">=18"
      }
    },
    "node_modules/@esbuild/darwin-arm64": {
      "version": "0.28.0",
      "resolved": "https://registry.npmjs.org/@esbuild/darwin-arm64/-/darwin-arm64-0.28.0.tgz",
      "integrity": "sha512-0T+A9WZm+bZ84nZBtk1ckYsOvyA3x7e2Acj1KdVfV4/2tdG4fzUp91YHx+GArWLtwqp77pBXVCPn2We7Letr0Q==",
      "cpu": [
        "arm64"
      ],
      "dev": true,
      "optional": true,
      "os": [
        "darwin"
      ],
      "engines": {
        "node": ">=18"
      }
    },
    "node_modules/@esbuild/darwin-x64": {
      "version": "0.28.0",
      "resolved": "https://registry.npmjs.org/@esbuild/darwin-x64/-/darwin-x64-0.28.0.tgz",
      "integrity": "sha512-fyzLm/DLDl/84OCfp2f/XQ4flmORsjU7VKt8HLjvIXChJoFFOIL6pLJPH4Yhd1n1gGFF9mPwtlN5Wf82DZs+LQ==",
      "cpu": [
        "x64"
      ],
      "dev": true,
      "optional": true,
      "os": [
        "darwin"
      ],
      "engines": {
        "node": ">=18"
      }
    },
    "node_modules/@esbuild/freebsd-arm64": {
      "version": "0.28.0",
      "resolved": "https://registry.npmjs.org/@esbuild/freebsd-arm64/-/freebsd-arm64-0.28.0.tgz",
      "integrity": "sha512-l9GeW5UZBT9k9brBYI+0WDffcRxgHQD8ShN2Ur4xWq/NFzUKm3k5lsH4PdaRgb2w7mI9u61nr2gI2mLI27Nh3Q==",
      "cpu": [
        "arm64"
      ],
      "dev": true,
      "optional": true,
      "os": [
        "freebsd"
      ],
      "engines": {
        "node": ">=18"
      }
    },
    "node_modules/@esbuild/freebsd-x64": {
      "version": "0.28.0",
      "resolved": "https://registry.npmjs.org/@esbuild/freebsd-x64/-/freebsd-x64-0.28.0.tgz",
      "integrity": "sha512-BXoQai/A0wPO6Es3yFJ7APCiKGc1tdAEOgeTNy3SsB491S3aHn4S4r3e976eUnPdU+NbdtmBuLncYir2tMU9Nw==",
      "cpu": [
        "x64"
      ],
      "dev": true,
      "optional": true,
      "os": [
        "freebsd"
      ],
      "engines": {
        "node": ">=18"
      }
    },
    "node_modules/@esbuild/linux-arm": {
      "version": "0.28.0",
      "resolved": "https://registry.npmjs.org/@esbuild/linux-arm/-/linux-arm-0.28.0.tgz",
      "integrity": "sha512-CjaaREJagqJp7iTaNQjjidaNbCKYcd4IDkzbwwxtSvjI7NZm79qiHc8HqciMddQ6CKvJT6aBd8lO9kN/ZudLlw==",
      "cpu": [
        "arm"
      ],
      "dev": true,
      "optional": true,
      "os": [
        "linux"
      ],
      "engines": {
        "node": ">=18"
      }
    },
    "node_modules/@esbuild/linux-arm64": {
      "version": "0.28.0",
      "resolved": "https://registry.npmjs.org/@esbuild/linux-arm64/-/linux-arm64-0.28.0.tgz",
      "integrity": "sha512-RVyzfb3FWsGA55n6WY0MEIEPURL1FcbhFE6BffZEMEekfCzCIMtB5yyDcFnVbTnwk+CLAgTujmV/Lgvih56W+A==",
      "cpu": [
        "arm64"
      ],
      "dev": true,
      "optional": true,
      "os": [
        "linux"
      ],
      "engines": {
        "node": ">=18"
      }
    },
    "node_modules/@esbuild/linux-ia32": {
      "version": "0.28.0",
      "resolved": "https://registry.npmjs.org/@esbuild/linux-ia32/-/linux-ia32-0.28.0.tgz",
      "integrity": "sha512-KBnSTt1kxl9x70q+ydterVdl+Cn0H18ngRMRCEQfrbqdUuntQQ0LoMZv47uB97NljZFzY6HcfqEZ2SAyIUTQBQ==",
      "cpu": [
        "ia32"
      ],
      "dev": true,
      "optional": true,
      "os": [
        "linux"
      ],
      "engines": {
        "node": ">=18"
      }
    },
    "node_modules/@esbuild/linux-loong64": {
      "version": "0.28.0",
      "resolved": "https://registry.npmjs.org/@esbuild/linux-loong64/-/linux-loong64-0.28.0.tgz",
      "integrity": "sha512-zpSlUce1mnxzgBADvxKXX5sl8aYQHo2ezvMNI8I0lbblJtp8V4odlm3Yzlj7gPyt3T8ReksE6bK+pT3WD+aJRg==",
      "cpu": [
        "loong64"
      ],
      "dev": true,
      "optional": true,
      "os": [
        "linux"
      ],
      "engines": {
        "node": ">=18"
      }
    },
    "node_modules/@esbuild/linux-mips64el": {
      "version": "0.28.0",
      "resolved": "https://registry.npmjs.org/@esbuild/linux-mips64el/-/linux-mips64el-0.28.0.tgz",
      "integrity": "sha512-2jIfP6mmjkdmeTlsX/9vmdmhBmKADrWqN7zcdtHIeNSCH1SqIoNI63cYsjQR8J+wGa4Y5izRcSHSm8K3QWmk3w==",
      "cpu": [
        "mips64el"
      ],
      "dev": true,
      "optional": true,
      "os": [
        "linux"
      ],
      "engines": {
        "node": ">=18"
      }
    },
    "node_modules/@esbuild/linux-ppc64": {
      "version": "0.28.0",
      "resolved": "https://registry.npmjs.org/@esbuild/linux-ppc64/-/linux-ppc64-0.28.0.tgz",
      "integrity": "sha512-bc0FE9wWeC0WBm49IQMPSPILRocGTQt3j5KPCA8os6VprfuJ7KD+5PzESSrJ6GmPIPJK965ZJHTUlSA6GNYEhg==",
      "cpu": [
        "ppc64"
      ],
      "dev": true,
      "optional": true,
      "os": [
        "linux"
      ],
      "engines": {
        "node": ">=18"
      }
    },
    "node_modules/@esbuild/linux-riscv64": {
      "version": "0.28.0",
      "resolved": "https://registry.npmjs.org/@esbuild/linux-riscv64/-/linux-riscv64-0.28.0.tgz",
      "integrity": "sha512-SQPZOwoTTT/HXFXQJG/vBX8sOFagGqvZyXcgLA3NhIqcBv1BJU1d46c0rGcrij2B56Z2rNiSLaZOYW5cUk7yLQ==",
      "cpu": [
        "riscv64"
      ],
      "dev": true,
      "optional": true,
      "os": [
        "linux"
      ],
      "engines": {
        "node": ">=18"
      }
    },
    "node_modules/@esbuild/linux-s390x": {
      "version": "0.28.0",
      "resolved": "https://registry.npmjs.org/@esbuild/linux-s390x/-/linux-s390x-0.28.0.tgz",
      "integrity": "sha512-SCfR0HN8CEEjnYnySJTd2cw0k9OHB/YFzt5zgJEwa+wL/T/raGWYMBqwDNAC6dqFKmJYZoQBRfHjgwLHGSrn3Q==",
      "cpu": [
        "s390x"
      ],
      "dev": true,
      "optional": true,
      "os": [
        "linux"
      ],
      "engines": {
        "node": ">=18"
      }
    },
    "node_modules/@esbuild/linux-x64": {
      "version": "0.28.0",
      "resolved": "https://registry.npmjs.org/@esbuild/linux-x64/-/linux-x64-0.28.0.tgz",
      "integrity": "sha512-us0dSb9iFxIi8srnpl931Nvs65it/Jd2a2K3qs7fz2WfGPHqzfzZTfec7oxZJRNPXPnNYZtanmRc4AL/JwVzHQ==",
      "cpu": [
        "x64"
      ],
      "dev": true,
      "optional": true,
      "os": [
        "linux"
      ],
      "engines": {
        "node": ">=18"
      }
    },
    "node_modules/@esbuild/netbsd-arm64": {
      "version": "0.28.0",
      "resolved": "https://registry.npmjs.org/@esbuild/netbsd-arm64/-/netbsd-arm64-0.28.0.tgz",
      "integrity": "sha512-CR/RYotgtCKwtftMwJlUU7xCVNg3lMYZ0RzTmAHSfLCXw3NtZtNpswLEj/Kkf6kEL3Gw+BpOekRX0BYCtklhUw==",
      "cpu": [
        "arm64"
      ],
      "dev": true,
      "optional": true,
      "os": [
        "netbsd"
      ],
      "engines": {
        "node": ">=18"
      }
    },
    "node_modules/@esbuild/netbsd-x64": {
      "version": "0.28.0",
      "resolved": "https://registry.npmjs.org/@esbuild/netbsd-x64/-/netbsd-x64-0.28.0.tgz",
      "integrity": "sha512-nU1yhmYutL+fQ71Kxnhg8uEOdC0pwEW9entHykTgEbna2pw2dkbFSMeqjjyHZoCmt8SBkOSvV+yNmm94aUrrqw==",
      "cpu": [
        "x64"
      ],
      "dev": true,
      "optional": true,
      "os": [
        "netbsd"
      ],
      "engines": {
        "node": ">=18"
      }
    },
    "node_modules/@esbuild/openbsd-arm64": {
      "version": "0.28.0",
      "resolved": "https://registry.npmjs.org/@esbuild/openbsd-arm64/-/openbsd-arm64-0.28.0.tgz",
      "integrity": "sha512-cXb5vApOsRsxsEl4mcZ1XY3D4DzcoMxR/nnc4IyqYs0rTI8ZKmW6kyyg+11Z8yvgMfAEldKzP7AdP64HnSC/6g==",
      "cpu": [
        "arm64"
      ],
      "dev": true,
      "optional": true,
      "os": [
        "openbsd"
      ],
      "engines": {
        "node": ">=18"
      }
    },
    "node_modules/@esbuild/openbsd-x64": {
      "version": "0.28.0",
      "resolved": "https://registry.npmjs.org/@esbuild/openbsd-x64/-/openbsd-x64-0.28.0.tgz",
      "integrity": "sha512-8wZM2qqtv9UP3mzy7HiGYNH/zjTA355mpeuA+859TyR+e+Tc08IHYpLJuMsfpDJwoLo1ikIJI8jC3GFjnRClzA==",
      "cpu": [
        "x64"
      ],
      "dev": true,
      "optional": true,
      "os": [
        "openbsd"
      ],
      "engines": {
        "node": ">=18"
      }
    },
    "node_modules/@esbuild/openharmony-arm64": {
      "version": "0.28.0",
      "resolved": "https://registry.npmjs.org/@esbuild/openharmony-arm64/-/openharmony-arm64-0.28.0.tgz",
      "integrity": "sha512-FLGfyizszcef5C3YtoyQDACyg95+dndv79i2EekILBofh5wpCa1KuBqOWKrEHZg3zrL3t5ouE5jgr94vA+Wb2w==",
      "cpu": [
        "arm64"
      ],
      "dev": true,
      "optional": true,
      "os": [
        "openharmony"
      ],
      "engines": {
        "node": ">=18"
      }
    },
    "node_modules/@esbuild/sunos-x64": {
      "version": "0.28.0",
      "resolved": "https://registry.npmjs.org/@esbuild/sunos-x64/-/sunos-x64-0.28.0.tgz",
      "integrity": "sha512-1ZgjUoEdHZZl/YlV76TSCz9Hqj9h9YmMGAgAPYd+q4SicWNX3G5GCyx9uhQWSLcbvPW8Ni7lj4gDa1T40akdlw==",
      "cpu": [
        "x64"
      ],
      "dev": true,
      "optional": true,
      "os": [
        "sunos"
      ],
      "engines": {
        "node": ">=18"
      }
    },
    "node_modules/@esbuild/win32-arm64": {
      "version": "0.28.0",
      "resolved": "https://registry.npmjs.org/@esbuild/win32-arm64/-/win32-arm64-0.28.0.tgz",
      "integrity": "sha512-Q9StnDmQ/enxnpxCCLSg0oo4+34B9TdXpuyPeTedN/6+iXBJ4J+zwfQI28u/Jl40nOYAxGoNi7mFP40RUtkmUA==",
      "cpu": [
        "arm64"
      ],
      "dev": true,
      "optional": true,
      "os": [
        "win32"
      ],
      "engines": {
        "node": ">=18"
      }
    },
    "node_modules/@esbuild/win32-ia32": {
      "version": "0.28.0",
      "resolved": "https://registry.npmjs.org/@esbuild/win32-ia32/-/win32-ia32-0.28.0.tgz",
      "integrity": "sha512-zF3ag/gfiCe6U2iczcRzSYJKH1DCI+ByzSENHlM2FcDbEeo5Zd2C86Aq0tKUYAJJ1obRP84ymxIAksZUcdztHA==",
      "cpu": [
        "ia32"
      ],
      "dev": true,
      "optional": true,
      "os": [
        "win32"
      ],
      "engines": {
        "node": ">=18"
      }
    },
    "node_modules/@esbuild/win32-x64": {
      "version": "0.28.0",
      "resolved": "https://registry.npmjs.org/@esbuild/win32-x64/-/win32-x64-0.28.0.tgz",
      "integrity": "sha512-pEl1bO9mfAmIC+tW5btTmrKaujg3zGtUmWNdCw/xs70FBjwAL3o9OEKNHvNmnyylD6ubxUERiEhdsL0xBQ9efw==",
      "cpu": [
        "x64"
      ],
      "dev": true,
      "optional": true,
      "os": [
        "win32"
      ],
      "engines": {
        "node": ">=18"
      }
    },
    "node_modules/@lezer/common": {
      "version": "1.5.2",
      "resolved": "https://registry.npmjs.org/@lezer/common/-/common-1.5.2.tgz",
      "integrity": "sha512-sxQE460fPZyU3sdc8lafxiPwJHBzZRy/udNFynGQky1SePYBdhkBl1kOagA9uT3pxR8K09bOrmTUqA9wb/PjSQ==",
      "dev": true
    },
    "node_modules/@lezer/css": {
      "version": "1.3.6",
      "resolved": "https://registry.npmjs.org/@lezer/css/-/css-1.3.6.tgz",
      "integrity": "sha512-YJE78Wcg+zX8f10hiHWQ4Az48Qr/c13eId0VtRQYLBpxHDmDeSrXIlkbl+fJGW42rWC/uoUco9mhBZeVWP/A1g==",
      "dev": true,
      "dependencies": {
        "@lezer/common": "^1.2.0",
        "@lezer/highlight": "^1.0.0",
        "@lezer/lr": "^1.3.0"
      }
    },
    "node_modules/@lezer/highlight": {
      "version": "1.2.3",
      "resolved": "https://registry.npmjs.org/@lezer/highlight/-/highlight-1.2.3.tgz",
      "integrity": "sha512-qXdH7UqTvGfdVBINrgKhDsVTJTxactNNxLk7+UMwZhU13lMHaOBlJe9Vqp907ya56Y3+ed2tlqzys7jDkTmW0g==",
      "dev": true,
      "dependencies": {
        "@lezer/common": "^1.3.0"
      }
    },
    "node_modules/@lezer/html": {
      "version": "1.3.13",
      "resolved": "https://registry.npmjs.org/@lezer/html/-/html-1.3.13.tgz",
      "integrity": "sha512-oI7n6NJml729m7pjm9lvLvmXbdoMoi2f+1pwSDJkl9d68zGr7a9Btz8NdHTGQZtW2DA25ybeuv/SyDb9D5tseg==",
      "dev": true,
      "dependencies": {
        "@lezer/common": "^1.2.0",
        "@lezer/highlight": "^1.0.0",
        "@lezer/lr": "^1.0.0"
      }
    },
    "node_modules/@lezer/javascript": {
      "version": "1.5.4",
      "resolved": "https://registry.npmjs.org/@lezer/javascript/-/javascript-1.5.4.tgz",
      "integrity": "sha512-vvYx3MhWqeZtGPwDStM2dwgljd5smolYD2lR2UyFcHfxbBQebqx8yjmFmxtJ/E6nN6u1D9srOiVWm3Rb4tmcUA==",
      "dev": true,
      "dependencies": {
        "@lezer/common": "^1.2.0",
        "@lezer/highlight": "^1.1.3",
        "@lezer/lr": "^1.3.0"
      }
    },
    "node_modules/@lezer/json": {
      "version": "1.0.3",
      "resolved": "https://registry.npmjs.org/@lezer/json/-/json-1.0.3.tgz",
      "integrity": "sha512-BP9KzdF9Y35PDpv04r0VeSTKDeox5vVr3efE7eBbx3r4s3oNLfunchejZhjArmeieBH+nVOpgIiBJpEAv8ilqQ==",
      "dev": true,
      "dependencies": {
        "@lezer/common": "^1.2.0",
        "@lezer/highlight": "^1.0.0",
        "@lezer/lr": "^1.0.0"
      }
    },
    "node_modules/@lezer/lr": {
      "version": "1.4.10",
      "resolved": "https://registry.npmjs.org/@lezer/lr/-/lr-1.4.10.tgz",
      "integrity": "sha512-rnCpTIBafOx4mRp43xOxDJbFipJm/c0cia/V5TiGlhmMa+wsSdoGmUN3w5Bqrks/09Q/D4tNAmWaT8p6NRi77A==",
      "dev": true,
      "dependencies": {
        "@lezer/common": "^1.0.0"
      }
    },
    "node_modules/@marijn/find-cluster-break": {
      "version": "1.0.3",
      "resolved": "https://registry.npmjs.org/@marijn/find-cluster-break/-/find-cluster-break-1.0.3.tgz",
      "integrity": "sha512-FY+MKLBoTsLNJF/eLWaOsXGdz6uh3Iu1axjPf6TUq92IYumcTcXWHoS747JARLkcdlJ/Waiaxc5wQfFO8jC6NA==",
      "dev": true
    },
    "node_modules/@uiw/codemirror-theme-solarized": {
      "version": "4.25.10",
      "resolved": "https://registry.npmjs.org/@uiw/codemirror-theme-solarized/-/codemirror-theme-solarized-4.25.10.tgz",
      "integrity": "sha512-mTP09g375qD86T09aRKQLHqkRSWDoot4dFUCtiyIsrvp1VeMBcA5ZSJHnI8A0lc8+hHRrvpL5fe3SnRFE+FoZg==",
      "dev": true,
      "dependencies": {
        "@uiw/codemirror-themes": "4.25.10"
      },
      "funding": {
        "url": "https://jaywcjlove.github.io/#/sponsor"
      }
    },
    "node_modules/@uiw/codemirror-themes": {
      "version": "4.25.10",
      "resolved": "https://registry.npmjs.org/@uiw/codemirror-themes/-/codemirror-themes-4.25.10.tgz",
      "integrity": "sha512-Fqiz1HIuDlDftcL+/O53V333UOH6MqQ84VbiQB5egn6u+uDwAqACp1FrdAoi4wgpR3b3TGW4Gr0wIYcrJSSz1A==",
      "dev": true,
      "dependencies": {
        "@codemirror/language": "^6.0.0",
        "@codemirror/state": "^6.0.0",
        "@codemirror/view": "^6.0.0"
      },
      "funding": {
        "url": "https://jaywcjlove.github.io/#/sponsor"
      },
      "peerDependencies": {
        "@codemirror/language": ">=6.0.0",
        "@codemirror/state": ">=6.0.0",
        "@codemirror/view": ">=6.0.0"
      }
    },
    "node_modules/crelt": {
      "version": "1.0.7",
      "resolved": "https://registry.npmjs.org/crelt/-/crelt-1.0.7.tgz",
      "integrity": "sha512-aK6BbWfhf4U/wCcLHKPJl/xa6VkVstRaPywWtMKGwuOLc/wZTyQYuoxgvZnNsBvv7Kg3YTBQYYBCggcviQczuA==",
      "dev": true
    },
    "node_modules/esbuild": {
      "version": "0.28.0",
      "resolved": "https://registry.npmjs.org/esbuild/-/esbuild-0.28.0.tgz",
      "integrity": "sha512-sNR9MHpXSUV/XB4zmsFKN+QgVG82Cc7+/aaxJ8Adi8hyOac+EXptIp45QBPaVyX3N70664wRbTcLTOemCAnyqw==",
      "dev": true,
      "hasInstallScript": true,
      "bin": {
        "esbuild": "bin/esbuild"
      },
      "engines": {
        "node": ">=18"
      },
      "optionalDependencies": {
        "@esbuild/aix-ppc64": "0.28.0",
        "@esbuild/android-arm": "0.28.0",
        "@esbuild/android-arm64": "0.28.0",
        "@esbuild/android-x64": "0.28.0",
        "@esbuild/darwin-arm64": "0.28.0",
        "@esbuild/darwin-x64": "0.28.0",
        "@esbuild/freebsd-arm64": "0.28.0",
        "@esbuild/freebsd-x64": "0.28.0",
        "@esbuild/linux-arm": "0.28.0",
        "@esbuild/linux-arm64": "0.28.0",
        "@esbuild/linux-ia32": "0.28.0",
        "@esbuild/linux-loong64": "0.28.0",
        "@esbuild/linux-mips64el": "0.28.0",
        "@esbuild/linux-ppc64": "0.28.0",
        "@esbuild/linux-riscv64": "0.28.0",
        "@esbuild/linux-s390x": "0.28.0",
        "@esbuild/linux-x64": "0.28.0",
        "@esbuild/netbsd-arm64": "0.28.0",
        "@esbuild/netbsd-x64": "0.28.0",
        "@esbuild/openbsd-arm64": "0.28.0",
        "@esbuild/openbsd-x64": "0.28.0",
        "@esbuild/openharmony-arm64": "0.28.0",
        "@esbuild/sunos-x64": "0.28.0",
        "@esbuild/win32-arm64": "0.28.0",
        "@esbuild/win32-ia32": "0.28.0",
        "@esbuild/win32-x64": "0.28.0"
      }
    },
    "node_modules/style-mod": {
      "version": "4.1.3",
      "resolved": "https://registry.npmjs.org/style-mod/-/style-mod-4.1.3.tgz",
      "integrity": "sha512-i/n8VsZydrugj3Iuzll8+x/00GH2vnYsk1eomD8QiRrSAeW6ItbCQDtfXCeJHd0iwiNagqjQkvpvREEPtW3IoQ==",
      "dev": true
    },
    "node_modules/w3c-keyname": {
      "version": "2.2.8",
      "resolved": "https://registry.npmjs.org/w3c-keyname/-/w3c-keyname-2.2.8.tgz",
      "integrity": "sha512-dpojBhNsCNN7T82Tm7k26A6G9ML3NkhDsnw9n/eoxSRlVBB4CEtIQ/KTCLI2Fwf3ataSXRhYFkQi3SlnFwPvPQ==",
      "dev": true
    }
  },
  "dependencies": {
    "@babel/runtime": {
      "version": "7.29.7",
      "resolved": "https://registry.npmjs.org/@babel/runtime/-/runtime-7.29.7.tgz",
      "integrity": "sha512-Nq8OhGWiZIZGV6hLHoyAKLLcJihP/xFeBMGJoUrxTX2psI8dCifzLhZISFb+VWS3wFMRDmCGw5R+dOySCqPLhw==",
      "dev": true
    },
    "@codemirror/autocomplete": {
      "version": "6.20.3",
      "resolved": "https://registry.npmjs.org/@codemirror/autocomplete/-/autocomplete-6.20.3.tgz",
      "integrity": "sha512-tlosUqb+3BbxCxZdu4tKeRghPFC+QM7q4X5YhKV2eCmPG+1r2F3f4AaSz5sCrFqUtX4Jh20VFTKecl16MgiV9g==",
      "dev": true,
      "requires": {
        "@codemirror/language": "^6.0.0",
        "@codemirror/state": "^6.0.0",
        "@codemirror/view": "^6.17.0",
        "@lezer/common": "^1.0.0"
      }
    },
    "@codemirror/commands": {
      "version": "6.10.3",
      "resolved": "https://registry.npmjs.org/@codemirror/commands/-/commands-6.10.3.tgz",
      "integrity": "sha512-JFRiqhKu+bvSkDLI+rUhJwSxQxYb759W5GBezE8Uc8mHLqC9aV/9aTC7yJSqCtB3F00pylrLCwnyS91Ap5ej4Q==",
      "dev": true,
      "requires": {
        "@codemirror/language": "^6.0.0",
        "@codemirror/state": "^6.6.0",
        "@codemirror/view": "^6.27.0",
        "@lezer/common": "^1.1.0"
      }
    },
    "@codemirror/lang-css": {
      "version": "6.3.1",
      "resolved": "https://registry.npmjs.org/@codemirror/lang-css/-/lang-css-6.3.1.tgz",
      "integrity": "sha512-kr5fwBGiGtmz6l0LSJIbno9QrifNMUusivHbnA1H6Dmqy4HZFte3UAICix1VuKo0lMPKQr2rqB+0BkKi/S3Ejg==",
      "dev": true,
      "requires": {
        "@codemirror/autocomplete": "^6.0.0",
        "@codemirror/language": "^6.0.0",
        "@codemirror/state": "^6.0.0",
        "@lezer/common": "^1.0.2",
        "@lezer/css": "^1.1.7"
      }
    },
    "@codemirror/lang-html": {
      "version": "6.4.11",
      "resolved": "https://registry.npmjs.org/@codemirror/lang-html/-/lang-html-6.4.11.tgz",
      "integrity": "sha512-9NsXp7Nwp891pQchI7gPdTwBuSuT3K65NGTHWHNJ55HjYcHLllr0rbIZNdOzas9ztc1EUVBlHou85FFZS4BNnw==",
      "dev": true,
      "requires": {
        "@codemirror/autocomplete": "^6.0.0",
        "@codemirror/lang-css": "^6.0.0",
        "@codemirror/lang-javascript": "^6.0.0",
        "@codemirror/language": "^6.4.0",
        "@codemirror/state": "^6.0.0",
        "@codemirror/view": "^6.17.0",
        "@lezer/common": "^1.0.0",
        "@lezer/css": "^1.1.0",
        "@lezer/html": "^1.3.12"
      }
    },
    "@codemirror/lang-javascript": {
      "version": "6.2.5",
      "resolved": "https://registry.npmjs.org/@codemirror/lang-javascript/-/lang-javascript-6.2.5.tgz",
      "integrity": "sha512-zD4e5mS+50htS7F+TYjBPsiIFGanfVqg4HyUz6WNFikgOPf2BgKlx+TQedI1w6n/IqRBVBbBWmGFdLB/7uxO4A==",
      "dev": true,
      "requires": {
        "@codemirror/autocomplete": "^6.0.0",
        "@codemirror/language": "^6.6.0",
        "@codemirror/lint": "^6.0.0",
        "@codemirror/state": "^6.0.0",
        "@codemirror/view": "^6.17.0",
        "@lezer/common": "^1.0.0",
        "@lezer/javascript": "^1.0.0"
      }
    },
    "@codemirror/lang-json": {
      "version": "6.0.1",
      "resolved": "https://registry.npmjs.org/@codemirror/lang-json/-/lang-json-6.0.1.tgz",
      "integrity": "sha512-+T1flHdgpqDDlJZ2Lkil/rLiRy684WMLc74xUnjJH48GQdfJo/pudlTRreZmKwzP8/tGdKf83wlbAdOCzlJOGQ==",
      "dev": true,
      "requires": {
        "@codemirror/language": "^6.0.0",
        "@lezer/json": "^1.0.0"
      }
    },
    "@codemirror/language": {
      "version": "6.12.3",
      "resolved": "https://registry.npmjs.org/@codemirror/language/-/language-6.12.3.tgz",
      "integrity": "sha512-QwCZW6Tt1siP37Jet9Tb02Zs81TQt6qQrZR2H+eGMcFsL1zMrk2/b9CLC7/9ieP1fjIUMgviLWMmgiHoJrj+ZA==",
      "dev": true,
      "requires": {
        "@codemirror/state": "^6.0.0",
        "@codemirror/view": "^6.23.0",
        "@lezer/common": "^1.5.0",
        "@lezer/highlight": "^1.0.0",
        "@lezer/lr": "^1.0.0",
        "style-mod": "^4.0.0"
      }
    },
    "@codemirror/lint": {
      "version": "6.9.7",
      "resolved": "https://registry.npmjs.org/@codemirror/lint/-/lint-6.9.7.tgz",
      "integrity": "sha512-28/+iWLYxKxsvGYhSYL7zaCZqLz5+FFFDq9tVsvGv9kv8RY4fFAchJ5WX9M3YrrRlTIsECjsXPqeNgnSmNP2dg==",
      "dev": true,
      "requires": {
        "@codemirror/state": "^6.0.0",
        "@codemirror/view": "^6.42.0",
        "crelt": "^1.0.5"
      }
    },
    "@codemirror/state": {
      "version": "6.6.0",
      "resolved": "https://registry.npmjs.org/@codemirror/state/-/state-6.6.0.tgz",
      "integrity": "sha512-4nbvra5R5EtiCzr9BTHiTLc+MLXK2QGiAVYMyi8PkQd3SR+6ixar/Q/01Fa21TBIDOZXgeWV4WppsQolSreAPQ==",
      "dev": true,
      "requires": {
        "@marijn/find-cluster-break": "^1.0.0"
      }
    },
    "@codemirror/view": {
      "version": "6.43.1",
      "resolved": "https://registry.npmjs.org/@codemirror/view/-/view-6.43.1.tgz",
      "integrity": "sha512-+BIjw/AG3tDQ4pJgTLPYdAW25eDE66YsvM4LKyVPgGzVgZ4a9Wj1SRX8kPVKgBDdPt8oHtZ15F0qx7p0oOHdHw==",
      "dev": true,
      "requires": {
        "@codemirror/state": "^6.6.0",
        "crelt": "^1.0.6",
        "style-mod": "^4.1.0",
        "w3c-keyname": "^2.2.4"
      }
    },
    "@esbuild/aix-ppc64": {
      "version": "0.28.0",
      "resolved": "https://registry.npmjs.org/@esbuild/aix-ppc64/-/aix-ppc64-0.28.0.tgz",
      "integrity": "sha512-lhRUCeuOyJQURhTxl4WkpFTjIsbDayJHih5kZC1giwE+MhIzAb7mEsQMqMf18rHLsrb5qI1tafG20mLxEWcWlA==",
      "dev": true,
      "optional": true
    },
    "@esbuild/android-arm": {
      "version": "0.28.0",
      "resolved": "https://registry.npmjs.org/@esbuild/android-arm/-/android-arm-0.28.0.tgz",
      "integrity": "sha512-wqh0ByljabXLKHeWXYLqoJ5jKC4XBaw6Hk08OfMrCRd2nP2ZQ5eleDZC41XHyCNgktBGYMbqnrJKq/K/lzPMSQ==",
      "dev": true,
      "optional": true
    },
    "@esbuild/android-arm64": {
      "version": "0.28.0",
      "resolved": "https://registry.npmjs.org/@esbuild/android-arm64/-/android-arm64-0.28.0.tgz",
      "integrity": "sha512-+WzIXQOSaGs33tLEgYPYe/yQHf0WTU0X42Jca3y8NWMbUVhp7rUnw+vAsRC/QiDrdD31IszMrZy+qwPOPjd+rw==",
      "dev": true,
      "optional": true
    },
    "@esbuild/android-x64": {
      "version": "0.28.0",
      "resolved": "https://registry.npmjs.org/@esbuild/android-x64/-/android-x64-0.28.0.tgz",
      "integrity": "sha512-+VJggoaKhk2VNNqVL7f6S189UzShHC/mR9EE8rDdSkdpN0KflSwWY/gWjDrNxxisg8Fp1ZCD9jLMo4m0OUfeUA==",
      "dev": true,
      "optional": true
    },
    "@esbuild/darwin-arm64": {
      "version": "0.28.0",
      "resolved": "https://registry.npmjs.org/@esbuild/darwin-arm64/-/darwin-arm64-0.28.0.tgz",
      "integrity": "sha512-0T+A9WZm+bZ84nZBtk1ckYsOvyA3x7e2Acj1KdVfV4/2tdG4fzUp91YHx+GArWLtwqp77pBXVCPn2We7Letr0Q==",
      "dev": true,
      "optional": true
    },
    "@esbuild/darwin-x64": {
      "version": "0.28.0",
      "resolved": "https://registry.npmjs.org/@esbuild/darwin-x64/-/darwin-x64-0.28.0.tgz",
      "integrity": "sha512-fyzLm/DLDl/84OCfp2f/XQ4flmORsjU7VKt8HLjvIXChJoFFOIL6pLJPH4Yhd1n1gGFF9mPwtlN5Wf82DZs+LQ==",
      "dev": true,
      "optional": true
    },
    "@esbuild/freebsd-arm64": {
      "version": "0.28.0",
      "resolved": "https://registry.npmjs.org/@esbuild/freebsd-arm64/-/freebsd-arm64-0.28.0.tgz",
      "integrity": "sha512-l9GeW5UZBT9k9brBYI+0WDffcRxgHQD8ShN2Ur4xWq/NFzUKm3k5lsH4PdaRgb2w7mI9u61nr2gI2mLI27Nh3Q==",
      "dev": true,
      "optional": true
    },
    "@esbuild/freebsd-x64": {
      "version": "0.28.0",
      "resolved": "https://registry.npmjs.org/@esbuild/freebsd-x64/-/freebsd-x64-0.28.0.tgz",
      "integrity": "sha512-BXoQai/A0wPO6Es3yFJ7APCiKGc1tdAEOgeTNy3SsB491S3aHn4S4r3e976eUnPdU+NbdtmBuLncYir2tMU9Nw==",
      "dev": true,
      "optional": true
    },
    "@esbuild/linux-arm": {
      "version": "0.28.0",
      "resolved": "https://registry.npmjs.org/@esbuild/linux-arm/-/linux-arm-0.28.0.tgz",
      "integrity": "sha512-CjaaREJagqJp7iTaNQjjidaNbCKYcd4IDkzbwwxtSvjI7NZm79qiHc8HqciMddQ6CKvJT6aBd8lO9kN/ZudLlw==",
      "dev": true,
      "optional": true
    },
    "@esbuild/linux-arm64": {
      "version": "0.28.0",
      "resolved": "https://registry.npmjs.org/@esbuild/linux-arm64/-/linux-arm64-0.28.0.tgz",
      "integrity": "sha512-RVyzfb3FWsGA55n6WY0MEIEPURL1FcbhFE6BffZEMEekfCzCIMtB5yyDcFnVbTnwk+CLAgTujmV/Lgvih56W+A==",
      "dev": true,
      "optional": true
    },
    "@esbuild/linux-ia32": {
      "version": "0.28.0",
      "resolved": "https://registry.npmjs.org/@esbuild/linux-ia32/-/linux-ia32-0.28.0.tgz",
      "integrity": "sha512-KBnSTt1kxl9x70q+ydterVdl+Cn0H18ngRMRCEQfrbqdUuntQQ0LoMZv47uB97NljZFzY6HcfqEZ2SAyIUTQBQ==",
      "dev": true,
      "optional": true
    },
    "@esbuild/linux-loong64": {
      "version": "0.28.0",
      "resolved": "https://registry.npmjs.org/@esbuild/linux-loong64/-/linux-loong64-0.28.0.tgz",
      "integrity": "sha512-zpSlUce1mnxzgBADvxKXX5sl8aYQHo2ezvMNI8I0lbblJtp8V4odlm3Yzlj7gPyt3T8ReksE6bK+pT3WD+aJRg==",
      "dev": true,
      "optional": true
    },
    "@esbuild/linux-mips64el": {
      "version": "0.28.0",
      "resolved": "https://registry.npmjs.org/@esbuild/linux-mips64el/-/linux-mips64el-0.28.0.tgz",
      "integrity": "sha512-2jIfP6mmjkdmeTlsX/9vmdmhBmKADrWqN7zcdtHIeNSCH1SqIoNI63cYsjQR8J+wGa4Y5izRcSHSm8K3QWmk3w==",
      "dev": true,
      "optional": true
    },
    "@esbuild/linux-ppc64": {
      "version": "0.28.0",
      "resolved": "https://registry.npmjs.org/@esbuild/linux-ppc64/-/linux-ppc64-0.28.0.tgz",
      "integrity": "sha512-bc0FE9wWeC0WBm49IQMPSPILRocGTQt3j5KPCA8os6VprfuJ7KD+5PzESSrJ6GmPIPJK965ZJHTUlSA6GNYEhg==",
      "dev": true,
      "optional": true
    },
    "@esbuild/linux-riscv64": {
      "version": "0.28.0",
      "resolved": "https://registry.npmjs.org/@esbuild/linux-riscv64/-/linux-riscv64-0.28.0.tgz",
      "integrity": "sha512-SQPZOwoTTT/HXFXQJG/vBX8sOFagGqvZyXcgLA3NhIqcBv1BJU1d46c0rGcrij2B56Z2rNiSLaZOYW5cUk7yLQ==",
      "dev": true,
      "optional": true
    },
    "@esbuild/linux-s390x": {
      "version": "0.28.0",
      "resolved": "https://registry.npmjs.org/@esbuild/linux-s390x/-/linux-s390x-0.28.0.tgz",
      "integrity": "sha512-SCfR0HN8CEEjnYnySJTd2cw0k9OHB/YFzt5zgJEwa+wL/T/raGWYMBqwDNAC6dqFKmJYZoQBRfHjgwLHGSrn3Q==",
      "dev": true,
      "optional": true
    },
    "@esbuild/linux-x64": {
      "version": "0.28.0",
      "resolved": "https://registry.npmjs.org/@esbuild/linux-x64/-/linux-x64-0.28.0.tgz",
      "integrity": "sha512-us0dSb9iFxIi8srnpl931Nvs65it/Jd2a2K3qs7fz2WfGPHqzfzZTfec7oxZJRNPXPnNYZtanmRc4AL/JwVzHQ==",
      "dev": true,
      "optional": true
    },
    "@esbuild/netbsd-arm64": {
      "version": "0.28.0",
      "resolved": "https://registry.npmjs.org/@esbuild/netbsd-arm64/-/netbsd-arm64-0.28.0.tgz",
      "integrity": "sha512-CR/RYotgtCKwtftMwJlUU7xCVNg3lMYZ0RzTmAHSfLCXw3NtZtNpswLEj/Kkf6kEL3Gw+BpOekRX0BYCtklhUw==",
      "dev": true,
      "optional": true
    },
    "@esbuild/netbsd-x64": {
      "version": "0.28.0",
      "resolved": "https://registry.npmjs.org/@esbuild/netbsd-x64/-/netbsd-x64-0.28.0.tgz",
      "integrity": "sha512-nU1yhmYutL+fQ71Kxnhg8uEOdC0pwEW9entHykTgEbna2pw2dkbFSMeqjjyHZoCmt8SBkOSvV+yNmm94aUrrqw==",
      "dev": true,
      "optional": true
    },
    "@esbuild/openbsd-arm64": {
      "version": "0.28.0",
      "resolved": "https://registry.npmjs.org/@esbuild/openbsd-arm64/-/openbsd-arm64-0.28.0.tgz",
      "integrity": "sha512-cXb5vApOsRsxsEl4mcZ1XY3D4DzcoMxR/nnc4IyqYs0rTI8ZKmW6kyyg+11Z8yvgMfAEldKzP7AdP64HnSC/6g==",
      "dev": true,
      "optional": true
    },
    "@esbuild/openbsd-x64": {
      "version": "0.28.0",
      "resolved": "https://registry.npmjs.org/@esbuild/openbsd-x64/-/openbsd-x64-0.28.0.tgz",
      "integrity": "sha512-8wZM2qqtv9UP3mzy7HiGYNH/zjTA355mpeuA+859TyR+e+Tc08IHYpLJuMsfpDJwoLo1ikIJI8jC3GFjnRClzA==",
      "dev": true,
      "optional": true
    },
    "@esbuild/openharmony-arm64": {
      "version": "0.28.0",
      "resolved": "https://registry.npmjs.org/@esbuild/openharmony-arm64/-/openharmony-arm64-0.28.0.tgz",
      "integrity": "sha512-FLGfyizszcef5C3YtoyQDACyg95+dndv79i2EekILBofh5wpCa1KuBqOWKrEHZg3zrL3t5ouE5jgr94vA+Wb2w==",
      "dev": true,
      "optional": true
    },
    "@esbuild/sunos-x64": {
      "version": "0.28.0",
      "resolved": "https://registry.npmjs.org/@esbuild/sunos-x64/-/sunos-x64-0.28.0.tgz",
      "integrity": "sha512-1ZgjUoEdHZZl/YlV76TSCz9Hqj9h9YmMGAgAPYd+q4SicWNX3G5GCyx9uhQWSLcbvPW8Ni7lj4gDa1T40akdlw==",
      "dev": true,
      "optional": true
    },
    "@esbuild/win32-arm64": {
      "version": "0.28.0",
      "resolved": "https://registry.npmjs.org/@esbuild/win32-arm64/-/win32-arm64-0.28.0.tgz",
      "integrity": "sha512-Q9StnDmQ/enxnpxCCLSg0oo4+34B9TdXpuyPeTedN/6+iXBJ4J+zwfQI28u/Jl40nOYAxGoNi7mFP40RUtkmUA==",
      "dev": true,
      "optional": true
    },
    "@esbuild/win32-ia32": {
      "version": "0.28.0",
      "resolved": "https://registry.npmjs.org/@esbuild/win32-ia32/-/win32-ia32-0.28.0.tgz",
      "integrity": "sha512-zF3ag/gfiCe6U2iczcRzSYJKH1DCI+ByzSENHlM2FcDbEeo5Zd2C86Aq0tKUYAJJ1obRP84ymxIAksZUcdztHA==",
      "dev": true,
      "optional": true
    },
    "@esbuild/win32-x64": {
      "version": "0.28.0",
      "resolved": "https://registry.npmjs.org/@esbuild/win32-x64/-/win32-x64-0.28.0.tgz",
      "integrity": "sha512-pEl1bO9mfAmIC+tW5btTmrKaujg3zGtUmWNdCw/xs70FBjwAL3o9OEKNHvNmnyylD6ubxUERiEhdsL0xBQ9efw==",
      "dev": true,
      "optional": true
    },
    "@lezer/common": {
      "version": "1.5.2",
      "resolved": "https://registry.npmjs.org/@lezer/common/-/common-1.5.2.tgz",
      "integrity": "sha512-sxQE460fPZyU3sdc8lafxiPwJHBzZRy/udNFynGQky1SePYBdhkBl1kOagA9uT3pxR8K09bOrmTUqA9wb/PjSQ==",
      "dev": true
    },
    "@lezer/css": {
      "version": "1.3.6",
      "resolved": "https://registry.npmjs.org/@lezer/css/-/css-1.3.6.tgz",
      "integrity": "sha512-YJE78Wcg+zX8f10hiHWQ4Az48Qr/c13eId0VtRQYLBpxHDmDeSrXIlkbl+fJGW42rWC/uoUco9mhBZeVWP/A1g==",
      "dev": true,
      "requires": {
        "@lezer/common": "^1.2.0",
        "@lezer/highlight": "^1.0.0",
        "@lezer/lr": "^1.3.0"
      }
    },
    "@lezer/highlight": {
      "version": "1.2.3",
      "resolved": "https://registry.npmjs.org/@lezer/highlight/-/highlight-1.2.3.tgz",
      "integrity": "sha512-qXdH7UqTvGfdVBINrgKhDsVTJTxactNNxLk7+UMwZhU13lMHaOBlJe9Vqp907ya56Y3+ed2tlqzys7jDkTmW0g==",
      "dev": true,
      "requires": {
        "@lezer/common": "^1.3.0"
      }
    },
    "@lezer/html": {
      "version": "1.3.13",
      "resolved": "https://registry.npmjs.org/@lezer/html/-/html-1.3.13.tgz",
      "integrity": "sha512-oI7n6NJml729m7pjm9lvLvmXbdoMoi2f+1pwSDJkl9d68zGr7a9Btz8NdHTGQZtW2DA25ybeuv/SyDb9D5tseg==",
      "dev": true,
      "requires": {
        "@lezer/common": "^1.2.0",
        "@lezer/highlight": "^1.0.0",
        "@lezer/lr": "^1.0.0"
      }
    },
    "@lezer/javascript": {
      "version": "1.5.4",
      "resolved": "https://registry.npmjs.org/@lezer/javascript/-/javascript-1.5.4.tgz",
      "integrity": "sha512-vvYx3MhWqeZtGPwDStM2dwgljd5smolYD2lR2UyFcHfxbBQebqx8yjmFmxtJ/E6nN6u1D9srOiVWm3Rb4tmcUA==",
      "dev": true,
      "requires": {
        "@lezer/common": "^1.2.0",
        "@lezer/highlight": "^1.1.3",
        "@lezer/lr": "^1.3.0"
      }
    },
    "@lezer/json": {
      "version": "1.0.3",
      "resolved": "https://registry.npmjs.org/@lezer/json/-/json-1.0.3.tgz",
      "integrity": "sha512-BP9KzdF9Y35PDpv04r0VeSTKDeox5vVr3efE7eBbx3r4s3oNLfunchejZhjArmeieBH+nVOpgIiBJpEAv8ilqQ==",
      "dev": true,
      "requires": {
        "@lezer/common": "^1.2.0",
        "@lezer/highlight": "^1.0.0",
        "@lezer/lr": "^1.0.0"
      }
    },
    "@lezer/lr": {
      "version": "1.4.10",
      "resolved": "https://registry.npmjs.org/@lezer/lr/-/lr-1.4.10.tgz",
      "integrity": "sha512-rnCpTIBafOx4mRp43xOxDJbFipJm/c0cia/V5TiGlhmMa+wsSdoGmUN3w5Bqrks/09Q/D4tNAmWaT8p6NRi77A==",
      "dev": true,
      "requires": {
        "@lezer/common": "^1.0.0"
      }
    },
    "@marijn/find-cluster-break": {
      "version": "1.0.3",
      "resolved": "https://registry.npmjs.org/@marijn/find-cluster-break/-/find-cluster-break-1.0.3.tgz",
      "integrity": "sha512-FY+MKLBoTsLNJF/eLWaOsXGdz6uh3Iu1axjPf6TUq92IYumcTcXWHoS747JARLkcdlJ/Waiaxc5wQfFO8jC6NA==",
      "dev": true
    },
    "@uiw/codemirror-theme-solarized": {
      "version": "4.25.10",
      "resolved": "https://registry.npmjs.org/@uiw/codemirror-theme-solarized/-/codemirror-theme-solarized-4.25.10.tgz",
      "integrity": "sha512-mTP09g375qD86T09aRKQLHqkRSWDoot4dFUCtiyIsrvp1VeMBcA5ZSJHnI8A0lc8+hHRrvpL5fe3SnRFE+FoZg==",
      "dev": true,
      "requires": {
        "@uiw/codemirror-themes": "4.25.10"
      }
    },
    "@uiw/codemirror-themes": {
      "version": "4.25.10",
      "resolved": "https://registry.npmjs.org/@uiw/codemirror-themes/-/codemirror-themes-4.25.10.tgz",
      "integrity": "sha512-Fqiz1HIuDlDftcL+/O53V333UOH6MqQ84VbiQB5egn6u+uDwAqACp1FrdAoi4wgpR3b3TGW4Gr0wIYcrJSSz1A==",
      "dev": true,
      "requires": {
        "@codemirror/language": "^6.0.0",
        "@codemirror/state": "^6.0.0",
        "@codemirror/view": "^6.0.0"
      }
    },
    "crelt": {
      "version": "1.0.7",
      "resolved": "https://registry.npmjs.org/crelt/-/crelt-1.0.7.tgz",
      "integrity": "sha512-aK6BbWfhf4U/wCcLHKPJl/xa6VkVstRaPywWtMKGwuOLc/wZTyQYuoxgvZnNsBvv7Kg3YTBQYYBCggcviQczuA==",
      "dev": true
    },
    "esbuild": {
      "version": "0.28.0",
      "resolved": "https://registry.npmjs.org/esbuild/-/esbuild-0.28.0.tgz",
      "integrity": "sha512-sNR9MHpXSUV/XB4zmsFKN+QgVG82Cc7+/aaxJ8Adi8hyOac+EXptIp45QBPaVyX3N70664wRbTcLTOemCAnyqw==",
      "dev": true,
      "requires": {
        "@esbuild/aix-ppc64": "0.28.0",
        "@esbuild/android-arm": "0.28.0",
        "@esbuild/android-arm64": "0.28.0",
        "@esbuild/android-x64": "0.28.0",
        "@esbuild/darwin-arm64": "0.28.0",
        "@esbuild/darwin-x64": "0.28.0",
        "@esbuild/freebsd-arm64": "0.28.0",
        "@esbuild/freebsd-x64": "0.28.0",
        "@esbuild/linux-arm": "0.28.0",
        "@esbuild/linux-arm64": "0.28.0",
        "@esbuild/linux-ia32": "0.28.0",
        "@esbuild/linux-loong64": "0.28.0",
        "@esbuild/linux-mips64el": "0.28.0",
        "@esbuild/linux-ppc64": "0.28.0",
        "@esbuild/linux-riscv64": "0.28.0",
        "@esbuild/linux-s390x": "0.28.0",
        "@esbuild/linux-x64": "0.28.0",
        "@esbuild/netbsd-arm64": "0.28.0",
        "@esbuild/netbsd-x64": "0.28.0",
        "@esbuild/openbsd-arm64": "0.28.0",
        "@esbuild/openbsd-x64": "0.28.0",
        "@esbuild/openharmony-arm64": "0.28.0",
        "@esbuild/sunos-x64": "0.28.0",
        "@esbuild/win32-arm64": "0.28.0",
        "@esbuild/win32-ia32": "0.28.0",
        "@esbuild/win32-x64": "0.28.0"
      }
    },
    "style-mod": {
      "version": "4.1.3",
      "resolved": "https://registry.npmjs.org/style-mod/-/style-mod-4.1.3.tgz",
      "integrity": "sha512-i/n8VsZydrugj3Iuzll8+x/00GH2vnYsk1eomD8QiRrSAeW6ItbCQDtfXCeJHd0iwiNagqjQkvpvREEPtW3IoQ==",
      "dev": true
    },
    "w3c-keyname": {
      "version": "2.2.8",
      "resolved": "https://registry.npmjs.org/w3c-keyname/-/w3c-keyname-2.2.8.tgz",
      "integrity": "sha512-dpojBhNsCNN7T82Tm7k26A6G9ML3NkhDsnw9n/eoxSRlVBB4CEtIQ/KTCLI2Fwf3ataSXRhYFkQi3SlnFwPvPQ==",
      "dev": true
    }
  }
}
